
Microsoft Visual Studio Solution File, Format Version 12.00
# Visual Studio 15
VisualStudioVersion = 15.0.27703.2026
MinimumVisualStudioVersion = 10.0.40219.1
Project("{FAE04EC0-301F-11D3-BF4B-00C04F79EFBC}") = "Final Coursemo", "Final Coursemo\Final Coursemo.csproj", "{ACB8DA44-2869-4620-9B29-53DEC92F855D}"
EndProject
Global
	GlobalSection(SolutionConfigurationPlatforms) = preSolution
		Debug|Any CPU = Debug|Any CPU
		Release|Any CPU = Release|Any CPU
	EndGlobalSection
	GlobalSection(ProjectConfigurationPlatforms) = postSolution
		{ACB8DA44-2869-4620-9B29-53DEC92F855D}.Debug|Any CPU.ActiveCfg = Debug|Any CPU
		{ACB8DA44-2869-4620-9B29-53DEC92F855D}.Debug|Any CPU.Build.0 = Debug|Any CPU
		{ACB8DA44-2869-4620-9B29-53DEC92F855D}.Release|Any CPU.ActiveCfg = Release|Any CPU
		{ACB8DA44-2869-4620-9B29-53DEC92F855D}.Release|Any CPU.Build.0 = Release|Any CPU
	EndGlobalSection
	GlobalSection(SolutionProperties) = preSolution
		HideSolutionNode = FALSE
	EndGlobalSection
	GlobalSection(ExtensibilityGlobals) = postSolution
		SolutionGuid = {E2506E04-4F4A-4787-891D-7CA6DB719518}
	EndGlobalSection
EndGlobal
